
Microsoft Visual Studio Solution File, Format Version 12.00
# Visual Studio 15
VisualStudioVersion = 15.0.28010.2050
MinimumVisualStudioVersion = 10.0.40219.1
Project("{FAE04EC0-301F-11D3-BF4B-00C04F79EFBC}") = "WinLossRecorder", "WinLossRecorder\WinLossRecorder.csproj", "{16FE9EDE-91A1-40F6-98F7-395FDF770AA8}"
EndProject
Global
	GlobalSection(SolutionConfigurationPlatforms) = preSolution
		Debug|Any CPU = Debug|Any CPU
		Release|Any CPU = Release|Any CPU
	EndGlobalSection
	GlobalSection(ProjectConfigurationPlatforms) = postSolution
		{16FE9EDE-91A1-40F6-98F7-395FDF770AA8}.Debug|Any CPU.ActiveCfg = Debug|Any CPU
		{16FE9EDE-91A1-40F6-98F7-395FDF770AA8}.Debug|Any CPU.Build.0 = Debug|Any CPU
		{16FE9EDE-91A1-40F6-98F7-395FDF770AA8}.Release|Any CPU.ActiveCfg = Release|Any CPU
		{16FE9EDE-91A1-40F6-98F7-395FDF770AA8}.Release|Any CPU.Build.0 = Release|Any CPU
	EndGlobalSection
	GlobalSection(SolutionProperties) = preSolution
		HideSolutionNode = FALSE
	EndGlobalSection
	GlobalSection(ExtensibilityGlobals) = postSolution
		SolutionGuid = {DEED38E0-F375-4774-9BA7-FAA5EB876FDD}
	EndGlobalSection
EndGlobal
